<?xml version="1.0" encoding="utf-8"?>
<Project ToolsVersion="4.0" xmlns="http://schemas.microsoft.com/developer/msbuild/2003">
  <ItemGroup>
    <Filter Include="Vaky">
      <UniqueIdentifier>{00E38D7C-EC19-8F0D-9506-7510811C0B0F}</UniqueIdentifier>
    </Filter>
  </ItemGroup>
  <ItemGroup>
    <ClInclude Include="src\Vaky.h" />
    <ClInclude Include="src\Vaky\Application.h">
      <Filter>Vaky</Filter>
    </ClInclude>
    <ClInclude Include="src\Vaky\Core.h">
      <Filter>Vaky</Filter>
    </ClInclude>
    <ClInclude Include="src\Vaky\EntryPoint.h">
      <Filter>Vaky</Filter>
    </ClInclude>
    <ClInclude Include="src\Vaky\Log.h">
      <Filter>Vaky</Filter>
    </ClInclude>
  </ItemGroup>
  <ItemGroup>
    <ClCompile Include="src\Vaky\Application.cpp">
      <Filter>Vaky</Filter>
    </ClCompile>
    <ClCompile Include="src\Vaky\Log.cpp">
      <Filter>Vaky</Filter>
    </ClCompile>
  </ItemGroup>
</Project>