
Microsoft Visual Studio Solution File, Format Version 12.00
# Visual Studio Version 16
VisualStudioVersion = 16.0.29709.97
MinimumVisualStudioVersion = 10.0.40219.1
Project("{8BC9CEB8-8B4A-11D0-8D11-00A0C91BC942}") = "Sandbox", "Sandbox\Sandbox.vcxproj", "{A9ACC099-6B94-4E5C-9E2A-4E10FE029B06}"
EndProject
Project("{8BC9CEB8-8B4A-11D0-8D11-00A0C91BC942}") = "Vaky", "Vaky\Vaky.vcxproj", "{28FA770B-E227-45BD-A20B-E87434A34359}"
EndProject
Global
	GlobalSection(SolutionConfigurationPlatforms) = preSolution
		Debug|x64 = Debug|x64
		Debug|x86 = Debug|x86
		Release|x64 = Release|x64
		Release|x86 = Release|x86
	EndGlobalSection
	GlobalSection(ProjectConfigurationPlatforms) = postSolution
		{28FA770B-E227-45BD-A20B-E87434A34359}.Debug|x64.ActiveCfg = Debug|x64
		{28FA770B-E227-45BD-A20B-E87434A34359}.Debug|x64.Build.0 = Debug|x64
		{28FA770B-E227-45BD-A20B-E87434A34359}.Debug|x86.ActiveCfg = Debug|x64
		{28FA770B-E227-45BD-A20B-E87434A34359}.Release|x64.ActiveCfg = Release|x64
		{28FA770B-E227-45BD-A20B-E87434A34359}.Release|x64.Build.0 = Release|x64
		{28FA770B-E227-45BD-A20B-E87434A34359}.Release|x86.ActiveCfg = Release|x64
		{A9ACC099-6B94-4E5C-9E2A-4E10FE029B06}.Debug|x64.ActiveCfg = Debug|x64
		{A9ACC099-6B94-4E5C-9E2A-4E10FE029B06}.Debug|x64.Build.0 = Debug|x64
		{A9ACC099-6B94-4E5C-9E2A-4E10FE029B06}.Debug|x86.ActiveCfg = Debug|Win32
		{A9ACC099-6B94-4E5C-9E2A-4E10FE029B06}.Debug|x86.Build.0 = Debug|Win32
		{A9ACC099-6B94-4E5C-9E2A-4E10FE029B06}.Release|x64.ActiveCfg = Release|x64
		{A9ACC099-6B94-4E5C-9E2A-4E10FE029B06}.Release|x64.Build.0 = Release|x64
		{A9ACC099-6B94-4E5C-9E2A-4E10FE029B06}.Release|x86.ActiveCfg = Release|Win32
		{A9ACC099-6B94-4E5C-9E2A-4E10FE029B06}.Release|x86.Build.0 = Release|Win32
	EndGlobalSection
	GlobalSection(SolutionProperties) = preSolution
		HideSolutionNode = FALSE
	EndGlobalSection
	GlobalSection(ExtensibilityGlobals) = postSolution
		SolutionGuid = {0719FA6F-FFB7-448E-9412-23C4CC05C0A2}
	EndGlobalSection
EndGlobal
